// !$*UTF8*$!
{
	archiveVersion = 1;
	classes = {
	};
	objectVersion = 56;
	objects = {

/* Begin PBXBuildFile section */
		4C82FC6729B5F10D0068CC97 /* AppDelegate.swift in Sources */ = {isa = PBXBuildFile; fileRef = 4C82FC6629B5F10D0068CC97 /* AppDelegate.swift */; };
		4C82FC6929B5F10D0068CC97 /* SceneDelegate.swift in Sources */ = {isa = PBXBuildFile; fileRef = 4C82FC6829B5F10D0068CC97 /* SceneDelegate.swift */; };
		4C82FC7129B5F10D0068CC97 /* PTDayaMidasTeknologiTestApp.xcdatamodeld in Sources */ = {isa = PBXBuildFile; fileRef = 4C82FC6F29B5F10D0068CC97 /* PTDayaMidasTeknologiTestApp.xcdatamodeld */; };
		4C82FC7329B5F10E0068CC97 /* Assets.xcassets in Resources */ = {isa = PBXBuildFile; fileRef = 4C82FC7229B5F10E0068CC97 /* Assets.xcassets */; };
		4C82FC7629B5F10E0068CC97 /* LaunchScreen.storyboard in Resources */ = {isa = PBXBuildFile; fileRef = 4C82FC7429B5F10E0068CC97 /* LaunchScreen.storyboard */; };
		4C82FC8229B5F5E90068CC97 /* LoginViewController.swift in Sources */ = {isa = PBXBuildFile; fileRef = 4C82FC8129B5F5E90068CC97 /* LoginViewController.swift */; };
		4C82FC8729B641520068CC97 /* Extensions.swift in Sources */ = {isa = PBXBuildFile; fileRef = 4C82FC8629B641520068CC97 /* Extensions.swift */; };
		4C82FC8B29B6767C0068CC97 /* SignupViewController.swift in Sources */ = {isa = PBXBuildFile; fileRef = 4C82FC8A29B6767C0068CC97 /* SignupViewController.swift */; };
		4C82FC9229B69FAF0068CC97 /* DataPersistenceManager.swift in Sources */ = {isa = PBXBuildFile; fileRef = 4C82FC9129B69FAF0068CC97 /* DataPersistenceManager.swift */; };
		4C82FC9429B69FE30068CC97 /* User.swift in Sources */ = {isa = PBXBuildFile; fileRef = 4C82FC9329B69FE30068CC97 /* User.swift */; };
		4C82FC9629B6A9BB0068CC97 /* MainViewController.swift in Sources */ = {isa = PBXBuildFile; fileRef = 4C82FC9529B6A9BB0068CC97 /* MainViewController.swift */; };
		4C82FC9829B6ACA20068CC97 /* MainAdminViewController.swift in Sources */ = {isa = PBXBuildFile; fileRef = 4C82FC9729B6ACA20068CC97 /* MainAdminViewController.swift */; };
		4C82FC9C29B6ADCC0068CC97 /* Album.swift in Sources */ = {isa = PBXBuildFile; fileRef = 4C82FC9B29B6ADCC0068CC97 /* Album.swift */; };
		4C82FC9E29B6B05A0068CC97 /* AlbumsTableViewCell.swift in Sources */ = {isa = PBXBuildFile; fileRef = 4C82FC9D29B6B05A0068CC97 /* AlbumsTableViewCell.swift */; };
		4C82FCA629B6C6B50068CC97 /* UsersTableViewCell.swift in Sources */ = {isa = PBXBuildFile; fileRef = 4C82FCA529B6C6B50068CC97 /* UsersTableViewCell.swift */; };
/* End PBXBuildFile section */

/* Begin PBXFileReference section */
		4C82FC6329B5F10D0068CC97 /* PTDayaMidasTeknologiTestApp.app */ = {isa = PBXFileReference; explicitFileType = wrapper.application; includeInIndex = 0; path = PTDayaMidasTeknologiTestApp.app; sourceTree = BUILT_PRODUCTS_DIR; };
		4C82FC6629B5F10D0068CC97 /* AppDelegate.swift */ = {isa = PBXFileReference; lastKnownFileType = sourcecode.swift; path = AppDelegate.swift; sourceTree = "<group>"; };
		4C82FC6829B5F10D0068CC97 /* SceneDelegate.swift */ = {isa = PBXFileReference; lastKnownFileType = sourcecode.swift; path = SceneDelegate.swift; sourceTree = "<group>"; };
		4C82FC7029B5F10D0068CC97 /* PTDayaMidasTeknologiTestApp.xcdatamodel */ = {isa = PBXFileReference; lastKnownFileType = wrapper.xcdatamodel; path = PTDayaMidasTeknologiTestApp.xcdatamodel; sourceTree = "<group>"; };
		4C82FC7229B5F10E0068CC97 /* Assets.xcassets */ = {isa = PBXFileReference; lastKnownFileType = folder.assetcatalog; path = Assets.xcassets; sourceTree = "<group>"; };
		4C82FC7529B5F10E0068CC97 /* Base */ = {isa = PBXFileReference; lastKnownFileType = file.storyboard; name = Base; path = Base.lproj/LaunchScreen.storyboard; sourceTree = "<group>"; };
		4C82FC7729B5F10E0068CC97 /* Info.plist */ = {isa = PBXFileReference; lastKnownFileType = text.plist.xml; path = Info.plist; sourceTree = "<group>"; };
		4C82FC8129B5F5E90068CC97 /* LoginViewController.swift */ = {isa = PBXFileReference; lastKnownFileType = sourcecode.swift; path = LoginViewController.swift; sourceTree = "<group>"; };
		4C82FC8629B641520068CC97 /* Extensions.swift */ = {isa = PBXFileReference; lastKnownFileType = sourcecode.swift; path = Extensions.swift; sourceTree = "<group>"; };
		4C82FC8A29B6767C0068CC97 /* SignupViewController.swift */ = {isa = PBXFileReference; lastKnownFileType = sourcecode.swift; path = SignupViewController.swift; sourceTree = "<group>"; };
		4C82FC9129B69FAF0068CC97 /* DataPersistenceManager.swift */ = {isa = PBXFileReference; lastKnownFileType = sourcecode.swift; path = DataPersistenceManager.swift; sourceTree = "<group>"; };
		4C82FC9329B69FE30068CC97 /* User.swift */ = {isa = PBXFileReference; lastKnownFileType = sourcecode.swift; path = User.swift; sourceTree = "<group>"; };
		4C82FC9529B6A9BB0068CC97 /* MainViewController.swift */ = {isa = PBXFileReference; lastKnownFileType = sourcecode.swift; path = MainViewController.swift; sourceTree = "<group>"; };
		4C82FC9729B6ACA20068CC97 /* MainAdminViewController.swift */ = {isa = PBXFileReference; lastKnownFileType = sourcecode.swift; path = MainAdminViewController.swift; sourceTree = "<group>"; };
		4C82FC9B29B6ADCC0068CC97 /* Album.swift */ = {isa = PBXFileReference; lastKnownFileType = sourcecode.swift; path = Album.swift; sourceTree = "<group>"; };
		4C82FC9D29B6B05A0068CC97 /* AlbumsTableViewCell.swift */ = {isa = PBXFileReference; lastKnownFileType = sourcecode.swift; path = AlbumsTableViewCell.swift; sourceTree = "<group>"; };
		4C82FCA529B6C6B50068CC97 /* UsersTableViewCell.swift */ = {isa = PBXFileReference; lastKnownFileType = sourcecode.swift; path = UsersTableViewCell.swift; sourceTree = "<group>"; };
/* End PBXFileReference section */

/* Begin PBXFrameworksBuildPhase section */
		4C82FC6029B5F10D0068CC97 /* Frameworks */ = {
			isa = PBXFrameworksBuildPhase;
			buildActionMask = 2147483647;
			files = (
			);
			runOnlyForDeploymentPostprocessing = 0;
		};
/* End PBXFrameworksBuildPhase section */

/* Begin PBXGroup section */
		4C82FC5A29B5F10D0068CC97 = {
			isa = PBXGroup;
			children = (
				4C82FC6529B5F10D0068CC97 /* PTDayaMidasTeknologiTestApp */,
				4C82FC6429B5F10D0068CC97 /* Products */,
			);
			sourceTree = "<group>";
		};
		4C82FC6429B5F10D0068CC97 /* Products */ = {
			isa = PBXGroup;
			children = (
				4C82FC6329B5F10D0068CC97 /* PTDayaMidasTeknologiTestApp.app */,
			);
			name = Products;
			sourceTree = "<group>";
		};
		4C82FC6529B5F10D0068CC97 /* PTDayaMidasTeknologiTestApp */ = {
			isa = PBXGroup;
			children = (
				4C82FC9029B69F9D0068CC97 /* Managers */,
				4C82FC8529B640DC0068CC97 /* Resources */,
				4C82FC8029B5F5110068CC97 /* Controllers */,
				4C82FC7F29B5F50A0068CC97 /* ViewModels */,
				4C82FC7E29B5F5020068CC97 /* Views */,
				4C82FC7D29B5F4FC0068CC97 /* Models */,
				4C82FC6629B5F10D0068CC97 /* AppDelegate.swift */,
				4C82FC6829B5F10D0068CC97 /* SceneDelegate.swift */,
				4C82FC7229B5F10E0068CC97 /* Assets.xcassets */,
				4C82FC7429B5F10E0068CC97 /* LaunchScreen.storyboard */,
				4C82FC7729B5F10E0068CC97 /* Info.plist */,
				4C82FC6F29B5F10D0068CC97 /* PTDayaMidasTeknologiTestApp.xcdatamodeld */,
			);
			path = PTDayaMidasTeknologiTestApp;
			sourceTree = "<group>";
		};
		4C82FC7D29B5F4FC0068CC97 /* Models */ = {
			isa = PBXGroup;
			children = (
				4C82FC9329B69FE30068CC97 /* User.swift */,
				4C82FC9B29B6ADCC0068CC97 /* Album.swift */,
			);
			path = Models;
			sourceTree = "<group>";
		};
		4C82FC7E29B5F5020068CC97 /* Views */ = {
			isa = PBXGroup;
			children = (
				4C82FC9D29B6B05A0068CC97 /* AlbumsTableViewCell.swift */,
				4C82FCA529B6C6B50068CC97 /* UsersTableViewCell.swift */,
			);
			path = Views;
			sourceTree = "<group>";
		};
		4C82FC7F29B5F50A0068CC97 /* ViewModels */ = {
			isa = PBXGroup;
			children = (
			);
			path = ViewModels;
			sourceTree = "<group>";
		};
		4C82FC8029B5F5110068CC97 /* Controllers */ = {
			isa = PBXGroup;
			children = (
				4C82FC8129B5F5E90068CC97 /* LoginViewController.swift */,
				4C82FC8A29B6767C0068CC97 /* SignupViewController.swift */,
				4C82FC9529B6A9BB0068CC97 /* MainViewController.swift */,
				4C82FC9729B6ACA20068CC97 /* MainAdminViewController.swift */,
			);
			path = Controllers;
			sourceTree = "<group>";
		};
		4C82FC8529B640DC0068CC97 /* Resources */ = {
			isa = PBXGroup;
			children = (
				4C82FC8629B641520068CC97 /* Extensions.swift */,
			);
			path = Resources;
			sourceTree = "<group>";
		};
		4C82FC9029B69F9D0068CC97 /* Managers */ = {
			isa = PBXGroup;
			children = (
				4C82FC9129B69FAF0068CC97 /* DataPersistenceManager.swift */,
			);
			path = Managers;
			sourceTree = "<group>";
		};
/* End PBXGroup section */

/* Begin PBXNativeTarget section */
		4C82FC6229B5F10D0068CC97 /* PTDayaMidasTeknologiTestApp */ = {
			isa = PBXNativeTarget;
			buildConfigurationList = 4C82FC7A29B5F10E0068CC97 /* Build configuration list for PBXNativeTarget "PTDayaMidasTeknologiTestApp" */;
			buildPhases = (
				4C82FC5F29B5F10D0068CC97 /* Sources */,
				4C82FC6029B5F10D0068CC97 /* Frameworks */,
				4C82FC6129B5F10D0068CC97 /* Resources */,
			);
			buildRules = (
			);
			dependencies = (
			);
			name = PTDayaMidasTeknologiTestApp;
			productName = PTDayaMidasTeknologiTestApp;
			productReference = 4C82FC6329B5F10D0068CC97 /* PTDayaMidasTeknologiTestApp.app */;
			productType = "com.apple.product-type.application";
		};
/* End PBXNativeTarget section */

/* Begin PBXProject section */
		4C82FC5B29B5F10D0068CC97 /* Project object */ = {
			isa = PBXProject;
			attributes = {
				BuildIndependentTargetsInParallel = 1;
				LastSwiftUpdateCheck = 1420;
				LastUpgradeCheck = 1420;
				TargetAttributes = {
					4C82FC6229B5F10D0068CC97 = {
						CreatedOnToolsVersion = 14.2;
					};
				};
			};
			buildConfigurationList = 4C82FC5E29B5F10D0068CC97 /* Build configuration list for PBXProject "PTDayaMidasTeknologiTestApp" */;
			compatibilityVersion = "Xcode 14.0";
			developmentRegion = en;
			hasScannedForEncodings = 0;
			knownRegions = (
				en,
				Base,
			);
			mainGroup = 4C82FC5A29B5F10D0068CC97;
			productRefGroup = 4C82FC6429B5F10D0068CC97 /* Products */;
			projectDirPath = "";
			projectRoot = "";
			targets = (
				4C82FC6229B5F10D0068CC97 /* PTDayaMidasTeknologiTestApp */,
			);
		};
/* End PBXProject section */

/* Begin PBXResourcesBuildPhase section */
		4C82FC6129B5F10D0068CC97 /* Resources */ = {
			isa = PBXResourcesBuildPhase;
			buildActionMask = 2147483647;
			files = (
				4C82FC7629B5F10E0068CC97 /* LaunchScreen.storyboard in Resources */,
				4C82FC7329B5F10E0068CC97 /* Assets.xcassets in Resources */,
			);
			runOnlyForDeploymentPostprocessing = 0;
		};
/* End PBXResourcesBuildPhase section */

/* Begin PBXSourcesBuildPhase section */
		4C82FC5F29B5F10D0068CC97 /* Sources */ = {
			isa = PBXSourcesBuildPhase;
			buildActionMask = 2147483647;
			files = (
				4C82FC9829B6ACA20068CC97 /* MainAdminViewController.swift in Sources */,
				4C82FC9229B69FAF0068CC97 /* DataPersistenceManager.swift in Sources */,
				4C82FC9E29B6B05A0068CC97 /* AlbumsTableViewCell.swift in Sources */,
				4C82FCA629B6C6B50068CC97 /* UsersTableViewCell.swift in Sources */,
				4C82FC9629B6A9BB0068CC97 /* MainViewController.swift in Sources */,
				4C82FC8B29B6767C0068CC97 /* SignupViewController.swift in Sources */,
				4C82FC9C29B6ADCC0068CC97 /* Album.swift in Sources */,
				4C82FC6729B5F10D0068CC97 /* AppDelegate.swift in Sources */,
				4C82FC7129B5F10D0068CC97 /* PTDayaMidasTeknologiTestApp.xcdatamodeld in Sources */,
				4C82FC8229B5F5E90068CC97 /* LoginViewController.swift in Sources */,
				4C82FC6929B5F10D0068CC97 /* SceneDelegate.swift in Sources */,
				4C82FC9429B69FE30068CC97 /* User.swift in Sources */,
				4C82FC8729B641520068CC97 /* Extensions.swift in Sources */,
			);
			runOnlyForDeploymentPostprocessing = 0;
		};
/* End PBXSourcesBuildPhase section */

/* Begin PBXVariantGroup section */
		4C82FC7429B5F10E0068CC97 /* LaunchScreen.storyboard */ = {
			isa = PBXVariantGroup;
			children = (
				4C82FC7529B5F10E0068CC97 /* Base */,
			);
			name = LaunchScreen.storyboard;
			sourceTree = "<group>";
		};
/* End PBXVariantGroup section */

/* Begin XCBuildConfiguration section */
		4C82FC7829B5F10E0068CC97 /* Debug */ = {
			isa = XCBuildConfiguration;
			buildSettings = {
				ALWAYS_SEARCH_USER_PATHS = NO;
				CLANG_ANALYZER_NONNULL = YES;
				CLANG_ANALYZER_NUMBER_OBJECT_CONVERSION = YES_AGGRESSIVE;
				CLANG_CXX_LANGUAGE_STANDARD = "gnu++20";
				CLANG_ENABLE_MODULES = YES;
				CLANG_ENABLE_OBJC_ARC = YES;
				CLANG_ENABLE_OBJC_WEAK = YES;
				CLANG_WARN_BLOCK_CAPTURE_AUTORELEASING = YES;
				CLANG_WARN_BOOL_CONVERSION = YES;
				CLANG_WARN_COMMA = YES;
				CLANG_WARN_CONSTANT_CONVERSION = YES;
				CLANG_WARN_DEPRECATED_OBJC_IMPLEMENTATIONS = YES;
				CLANG_WARN_DIRECT_OBJC_ISA_USAGE = YES_ERROR;
				CLANG_WARN_DOCUMENTATION_COMMENTS = YES;
				CLANG_WARN_EMPTY_BODY = YES;
				CLANG_WARN_ENUM_CONVERSION = YES;
				CLANG_WARN_INFINITE_RECURSION = YES;
				CLANG_WARN_INT_CONVERSION = YES;
				CLANG_WARN_NON_LITERAL_NULL_CONVERSION = YES;
				CLANG_WARN_OBJC_IMPLICIT_RETAIN_SELF = YES;
				CLANG_WARN_OBJC_LITERAL_CONVERSION = YES;
				CLANG_WARN_OBJC_ROOT_CLASS = YES_ERROR;
				CLANG_WARN_QUOTED_INCLUDE_IN_FRAMEWORK_HEADER = YES;
				CLANG_WARN_RANGE_LOOP_ANALYSIS = YES;
				CLANG_WARN_STRICT_PROTOTYPES = YES;
				CLANG_WARN_SUSPICIOUS_MOVE = YES;
				CLANG_WARN_UNGUARDED_AVAILABILITY = YES_AGGRESSIVE;
				CLANG_WARN_UNREACHABLE_CODE = YES;
				CLANG_WARN__DUPLICATE_METHOD_MATCH = YES;
				COPY_PHASE_STRIP = NO;
				DEBUG_INFORMATION_FORMAT = dwarf;
				ENABLE_STRICT_OBJC_MSGSEND = YES;
				ENABLE_TESTABILITY = YES;
				GCC_C_LANGUAGE_STANDARD = gnu11;
				GCC_DYNAMIC_NO_PIC = NO;
				GCC_NO_COMMON_BLOCKS = YES;
				GCC_OPTIMIZATION_LEVEL = 0;
				GCC_PREPROCESSOR_DEFINITIONS = (
					"DEBUG=1",
					"$(inherited)",
				);
				GCC_WARN_64_TO_32_BIT_CONVERSION = YES;
				GCC_WARN_ABOUT_RETURN_TYPE = YES_ERROR;
				GCC_WARN_UNDECLARED_SELECTOR = YES;
				GCC_WARN_UNINITIALIZED_AUTOS = YES_AGGRESSIVE;
				GCC_WARN_UNUSED_FUNCTION = YES;
				GCC_WARN_UNUSED_VARIABLE = YES;
				IPHONEOS_DEPLOYMENT_TARGET = 16.2;
				MTL_ENABLE_DEBUG_INFO = INCLUDE_SOURCE;
				MTL_FAST_MATH = YES;
				ONLY_ACTIVE_ARCH = YES;
				SDKROOT = iphoneos;
				SWIFT_ACTIVE_COMPILATION_CONDITIONS = DEBUG;
				SWIFT_OPTIMIZATION_LEVEL = "-Onone";
			};
			name = Debug;
		};
		4C82FC7929B5F10E0068CC97 /* Release */ = {
			isa = XCBuildConfiguration;
			buildSettings = {
				ALWAYS_SEARCH_USER_PATHS = NO;
				CLANG_ANALYZER_NONNULL = YES;
				CLANG_ANALYZER_NUMBER_OBJECT_CONVERSION = YES_AGGRESSIVE;
				CLANG_CXX_LANGUAGE_STANDARD = "gnu++20";
				CLANG_ENABLE_MODULES = YES;
				CLANG_ENABLE_OBJC_ARC = YES;
				CLANG_ENABLE_OBJC_WEAK = YES;
				CLANG_WARN_BLOCK_CAPTURE_AUTORELEASING = YES;
				CLANG_WARN_BOOL_CONVERSION = YES;
				CLANG_WARN_COMMA = YES;
				CLANG_WARN_CONSTANT_CONVERSION = YES;
				CLANG_WARN_DEPRECATED_OBJC_IMPLEMENTATIONS = YES;
				CLANG_WARN_DIRECT_OBJC_ISA_USAGE = YES_ERROR;
				CLANG_WARN_DOCUMENTATION_COMMENTS = YES;
				CLANG_WARN_EMPTY_BODY = YES;
				CLANG_WARN_ENUM_CONVERSION = YES;
				CLANG_WARN_INFINITE_RECURSION = YES;
				CLANG_WARN_INT_CONVERSION = YES;
				CLANG_WARN_NON_LITERAL_NULL_CONVERSION = YES;
				CLANG_WARN_OBJC_IMPLICIT_RETAIN_SELF = YES;
				CLANG_WARN_OBJC_LITERAL_CONVERSION = YES;
				CLANG_WARN_OBJC_ROOT_CLASS = YES_ERROR;
				CLANG_WARN_QUOTED_INCLUDE_IN_FRAMEWORK_HEADER = YES;
				CLANG_WARN_RANGE_LOOP_ANALYSIS = YES;
				CLANG_WARN_STRICT_PROTOTYPES = YES;
				CLANG_WARN_SUSPICIOUS_MOVE = YES;
				CLANG_WARN_UNGUARDED_AVAILABILITY = YES_AGGRESSIVE;
				CLANG_WARN_UNREACHABLE_CODE = YES;
				CLANG_WARN__DUPLICATE_METHOD_MATCH = YES;
				COPY_PHASE_STRIP = NO;
				DEBUG_INFORMATION_FORMAT = "dwarf-with-dsym";
				ENABLE_NS_ASSERTIONS = NO;
				ENABLE_STRICT_OBJC_MSGSEND = YES;
				GCC_C_LANGUAGE_STANDARD = gnu11;
				GCC_NO_COMMON_BLOCKS = YES;
				GCC_WARN_64_TO_32_BIT_CONVERSION = YES;
				GCC_WARN_ABOUT_RETURN_TYPE = YES_ERROR;
				GCC_WARN_UNDECLARED_SELECTOR = YES;
				GCC_WARN_UNINITIALIZED_AUTOS = YES_AGGRESSIVE;
				GCC_WARN_UNUSED_FUNCTION = YES;
				GCC_WARN_UNUSED_VARIABLE = YES;
				IPHONEOS_DEPLOYMENT_TARGET = 16.2;
				MTL_ENABLE_DEBUG_INFO = NO;
				MTL_FAST_MATH = YES;
				SDKROOT = iphoneos;
				SWIFT_COMPILATION_MODE = wholemodule;
				SWIFT_OPTIMIZATION_LEVEL = "-O";
				VALIDATE_PRODUCT = YES;
			};
			name = Release;
		};
		4C82FC7B29B5F10E0068CC97 /* Debug */ = {
			isa = XCBuildConfiguration;
			buildSettings = {
				ASSETCATALOG_COMPILER_APPICON_NAME = AppIcon;
				ASSETCATALOG_COMPILER_GLOBAL_ACCENT_COLOR_NAME = AccentColor;
				CODE_SIGN_STYLE = Automatic;
				CURRENT_PROJECT_VERSION = 1;
				DEVELOPMENT_TEAM = 3RXGWUTBRR;
				GENERATE_INFOPLIST_FILE = YES;
				INFOPLIST_FILE = PTDayaMidasTeknologiTestApp/Info.plist;
				INFOPLIST_KEY_UIApplicationSupportsIndirectInputEvents = YES;
				INFOPLIST_KEY_UILaunchStoryboardName = LaunchScreen;
				INFOPLIST_KEY_UISupportedInterfaceOrientations_iPad = "UIInterfaceOrientationPortrait UIInterfaceOrientationPortraitUpsideDown UIInterfaceOrientationLandscapeLeft UIInterfaceOrientationLandscapeRight";
				INFOPLIST_KEY_UISupportedInterfaceOrientations_iPhone = "UIInterfaceOrientationPortrait UIInterfaceOrientationLandscapeLeft UIInterfaceOrientationLandscapeRight";
				LD_RUNPATH_SEARCH_PATHS = (
					"$(inherited)",
					"@executable_path/Frameworks",
				);
				MARKETING_VERSION = 1.0;
				PRODUCT_BUNDLE_IDENTIFIER = andryanajonathan.PTDayaMidasTeknologiTestApp;
				PRODUCT_NAME = "$(TARGET_NAME)";
				SWIFT_EMIT_LOC_STRINGS = YES;
				SWIFT_VERSION = 5.0;
				TARGETED_DEVICE_FAMILY = "1,2";
			};
			name = Debug;
		};
		4C82FC7C29B5F10E0068CC97 /* Release */ = {
			isa = XCBuildConfiguration;
			buildSettings = {
				ASSETCATALOG_COMPILER_APPICON_NAME = AppIcon;
				ASSETCATALOG_COMPILER_GLOBAL_ACCENT_COLOR_NAME = AccentColor;
				CODE_SIGN_STYLE = Automatic;
				CURRENT_PROJECT_VERSION = 1;
				DEVELOPMENT_TEAM = 3RXGWUTBRR;
				GENERATE_INFOPLIST_FILE = YES;
				INFOPLIST_FILE = PTDayaMidasTeknologiTestApp/Info.plist;
				INFOPLIST_KEY_UIApplicationSupportsIndirectInputEvents = YES;
				INFOPLIST_KEY_UILaunchStoryboardName = LaunchScreen;
				INFOPLIST_KEY_UISupportedInterfaceOrientations_iPad = "UIInterfaceOrientationPortrait UIInterfaceOrientationPortraitUpsideDown UIInterfaceOrientationLandscapeLeft UIInterfaceOrientationLandscapeRight";
				INFOPLIST_KEY_UISupportedInterfaceOrientations_iPhone = "UIInterfaceOrientationPortrait UIInterfaceOrientationLandscapeLeft UIInterfaceOrientationLandscapeRight";
				LD_RUNPATH_SEARCH_PATHS = (
					"$(inherited)",
					"@executable_path/Frameworks",
				);
				MARKETING_VERSION = 1.0;
				PRODUCT_BUNDLE_IDENTIFIER = andryanajonathan.PTDayaMidasTeknologiTestApp;
				PRODUCT_NAME = "$(TARGET_NAME)";
				SWIFT_EMIT_LOC_STRINGS = YES;
				SWIFT_VERSION = 5.0;
				TARGETED_DEVICE_FAMILY = "1,2";
			};
			name = Release;
		};
/* End XCBuildConfiguration section */

/* Begin XCConfigurationList section */
		4C82FC5E29B5F10D0068CC97 /* Build configuration list for PBXProject "PTDayaMidasTeknologiTestApp" */ = {
			isa = XCConfigurationList;
			buildConfigurations = (
				4C82FC7829B5F10E0068CC97 /* Debug */,
				4C82FC7929B5F10E0068CC97 /* Release */,
			);
			defaultConfigurationIsVisible = 0;
			defaultConfigurationName = Release;
		};
		4C82FC7A29B5F10E0068CC97 /* Build configuration list for PBXNativeTarget "PTDayaMidasTeknologiTestApp" */ = {
			isa = XCConfigurationList;
			buildConfigurations = (
				4C82FC7B29B5F10E0068CC97 /* Debug */,
				4C82FC7C29B5F10E0068CC97 /* Release */,
			);
			defaultConfigurationIsVisible = 0;
			defaultConfigurationName = Release;
		};
/* End XCConfigurationList section */

/* Begin XCVersionGroup section */
		4C82FC6F29B5F10D0068CC97 /* PTDayaMidasTeknologiTestApp.xcdatamodeld */ = {
			isa = XCVersionGroup;
			children = (
				4C82FC7029B5F10D0068CC97 /* PTDayaMidasTeknologiTestApp.xcdatamodel */,
			);
			currentVersion = 4C82FC7029B5F10D0068CC97 /* PTDayaMidasTeknologiTestApp.xcdatamodel */;
			path = PTDayaMidasTeknologiTestApp.xcdatamodeld;
			sourceTree = "<group>";
			versionGroupType = wrapper.xcdatamodel;
		};
/* End XCVersionGroup section */
	};
	rootObject = 4C82FC5B29B5F10D0068CC97 /* Project object */;
}
